
Microsoft Visual Studio Solution File, Format Version 12.00
# Visual Studio 15
VisualStudioVersion = 15.0.26228.9
MinimumVisualStudioVersion = 10.0.40219.1
Project("{9092AA53-FB77-4645-B42D-1CCCA6BD08BD}") = "BionicBot", "Bionic_Bot\BionicBot.njsproj", "{FE977A1E-5E99-430F-924D-ABACAA906DE5}"
EndProject
Project("{9092AA53-FB77-4645-B42D-1CCCA6BD08BD}") = "Cunts", "Cunts.njsproj", "{D9F2B448-D083-4DDD-B8F3-FD2E6364DDB9}"
EndProject
Project("{9092AA53-FB77-4645-B42D-1CCCA6BD08BD}") = "ZemaBot", "ZemaBot\ZemaBot.njsproj", "{4048F98F-C2F8-4529-86CB-38C13530AFAC}"
EndProject
Global
	GlobalSection(SolutionConfigurationPlatforms) = preSolution
		Debug|Any CPU = Debug|Any CPU
		Release|Any CPU = Release|Any CPU
	EndGlobalSection
	GlobalSection(ProjectConfigurationPlatforms) = postSolution
		{FE977A1E-5E99-430F-924D-ABACAA906DE5}.Debug|Any CPU.ActiveCfg = Debug|Any CPU
		{FE977A1E-5E99-430F-924D-ABACAA906DE5}.Debug|Any CPU.Build.0 = Debug|Any CPU
		{FE977A1E-5E99-430F-924D-ABACAA906DE5}.Release|Any CPU.ActiveCfg = Release|Any CPU
		{FE977A1E-5E99-430F-924D-ABACAA906DE5}.Release|Any CPU.Build.0 = Release|Any CPU
		{D9F2B448-D083-4DDD-B8F3-FD2E6364DDB9}.Debug|Any CPU.ActiveCfg = Debug|Any CPU
		{D9F2B448-D083-4DDD-B8F3-FD2E6364DDB9}.Debug|Any CPU.Build.0 = Debug|Any CPU
		{D9F2B448-D083-4DDD-B8F3-FD2E6364DDB9}.Release|Any CPU.ActiveCfg = Release|Any CPU
		{D9F2B448-D083-4DDD-B8F3-FD2E6364DDB9}.Release|Any CPU.Build.0 = Release|Any CPU
		{4048F98F-C2F8-4529-86CB-38C13530AFAC}.Debug|Any CPU.ActiveCfg = Debug|Any CPU
		{4048F98F-C2F8-4529-86CB-38C13530AFAC}.Debug|Any CPU.Build.0 = Debug|Any CPU
		{4048F98F-C2F8-4529-86CB-38C13530AFAC}.Release|Any CPU.ActiveCfg = Release|Any CPU
		{4048F98F-C2F8-4529-86CB-38C13530AFAC}.Release|Any CPU.Build.0 = Release|Any CPU
	EndGlobalSection
	GlobalSection(SolutionProperties) = preSolution
		HideSolutionNode = FALSE
	EndGlobalSection
EndGlobal
