
Microsoft Visual Studio Solution File, Format Version 12.00
# Visual Studio Version 16
VisualStudioVersion = 16.0.29009.5
MinimumVisualStudioVersion = 10.0.40219.1
Project("{9092AA53-FB77-4645-B42D-1CCCA6BD08BD}") = "ZemaBot", "ZemaBot\ZemaBot.njsproj", "{4048F98F-C2F8-4529-86CB-38C13530AFAC}"
EndProject
Project("{2150E333-8FDC-42A3-9474-1A3956D46DE8}") = "Solution Items", "Solution Items", "{3F729BC7-4047-4A68-8CA4-381107457574}"
	ProjectSection(SolutionItems) = preProject
		.eslintrc.js = .eslintrc.js
		.gitignore = .gitignore
		.jsbeautifyrc = .jsbeautifyrc
		database.sqlite = database.sqlite
		DiscordBots.js = DiscordBots.js
		enmap.js = enmap.js
		package-lock.json = package-lock.json
	EndProjectSection
EndProject
Global
	GlobalSection(SolutionConfigurationPlatforms) = preSolution
		Debug|Any CPU = Debug|Any CPU
		Release|Any CPU = Release|Any CPU
	EndGlobalSection
	GlobalSection(ProjectConfigurationPlatforms) = postSolution
		{4048F98F-C2F8-4529-86CB-38C13530AFAC}.Debug|Any CPU.ActiveCfg = Debug|Any CPU
		{4048F98F-C2F8-4529-86CB-38C13530AFAC}.Debug|Any CPU.Build.0 = Debug|Any CPU
		{4048F98F-C2F8-4529-86CB-38C13530AFAC}.Release|Any CPU.ActiveCfg = Release|Any CPU
		{4048F98F-C2F8-4529-86CB-38C13530AFAC}.Release|Any CPU.Build.0 = Release|Any CPU
	EndGlobalSection
	GlobalSection(SolutionProperties) = preSolution
		HideSolutionNode = FALSE
	EndGlobalSection
	GlobalSection(ExtensibilityGlobals) = postSolution
		SolutionGuid = {E8AA7BEC-F5E1-471D-9DEF-48F925367117}
	EndGlobalSection
EndGlobal
